// !$*UTF8*$!
{
	archiveVersion = 1;
	classes = {
	};
	objectVersion = 50;
	objects = {

/* Begin PBXBuildFile section */
		1FAB755A234BC7B300EEECAA /* AppDelegate.swift in Sources */ = {isa = PBXBuildFile; fileRef = 1FAB7559234BC7B300EEECAA /* AppDelegate.swift */; };
		1FAB755C234BC7B300EEECAA /* ViewController.swift in Sources */ = {isa = PBXBuildFile; fileRef = 1FAB755B234BC7B300EEECAA /* ViewController.swift */; };
		1FAB755F234BC7B300EEECAA /* Main.storyboard in Resources */ = {isa = PBXBuildFile; fileRef = 1FAB755D234BC7B300EEECAA /* Main.storyboard */; };
		1FAB7562234BC7B300EEECAA /* day02.xcdatamodeld in Sources */ = {isa = PBXBuildFile; fileRef = 1FAB7560234BC7B300EEECAA /* day02.xcdatamodeld */; };
		1FAB7564234BC7B400EEECAA /* Assets.xcassets in Resources */ = {isa = PBXBuildFile; fileRef = 1FAB7563234BC7B400EEECAA /* Assets.xcassets */; };
		1FAB7567234BC7B400EEECAA /* LaunchScreen.storyboard in Resources */ = {isa = PBXBuildFile; fileRef = 1FAB7565234BC7B400EEECAA /* LaunchScreen.storyboard */; };
/* End PBXBuildFile section */

/* Begin PBXFileReference section */
		1FAB7556234BC7B300EEECAA /* day02.app */ = {isa = PBXFileReference; explicitFileType = wrapper.application; includeInIndex = 0; path = day02.app; sourceTree = BUILT_PRODUCTS_DIR; };
		1FAB7559234BC7B300EEECAA /* AppDelegate.swift */ = {isa = PBXFileReference; lastKnownFileType = sourcecode.swift; path = AppDelegate.swift; sourceTree = "<group>"; };
		1FAB755B234BC7B300EEECAA /* ViewController.swift */ = {isa = PBXFileReference; lastKnownFileType = sourcecode.swift; path = ViewController.swift; sourceTree = "<group>"; };
		1FAB755E234BC7B300EEECAA /* Base */ = {isa = PBXFileReference; lastKnownFileType = file.storyboard; name = Base; path = Base.lproj/Main.storyboard; sourceTree = "<group>"; };
		1FAB7561234BC7B300EEECAA /* day02.xcdatamodel */ = {isa = PBXFileReference; lastKnownFileType = wrapper.xcdatamodel; path = day02.xcdatamodel; sourceTree = "<group>"; };
		1FAB7563234BC7B400EEECAA /* Assets.xcassets */ = {isa = PBXFileReference; lastKnownFileType = folder.assetcatalog; path = Assets.xcassets; sourceTree = "<group>"; };
		1FAB7566234BC7B400EEECAA /* Base */ = {isa = PBXFileReference; lastKnownFileType = file.storyboard; name = Base; path = Base.lproj/LaunchScreen.storyboard; sourceTree = "<group>"; };
		1FAB7568234BC7B400EEECAA /* Info.plist */ = {isa = PBXFileReference; lastKnownFileType = text.plist.xml; path = Info.plist; sourceTree = "<group>"; };
/* End PBXFileReference section */

/* Begin PBXFrameworksBuildPhase section */
		1FAB7553234BC7B300EEECAA /* Frameworks */ = {
			isa = PBXFrameworksBuildPhase;
			buildActionMask = 2147483647;
			files = (
			);
			runOnlyForDeploymentPostprocessing = 0;
		};
/* End PBXFrameworksBuildPhase section */

/* Begin PBXGroup section */
		1FAB754D234BC7B300EEECAA = {
			isa = PBXGroup;
			children = (
				1FAB7558234BC7B300EEECAA /* day02 */,
				1FAB7557234BC7B300EEECAA /* Products */,
			);
			sourceTree = "<group>";
		};
		1FAB7557234BC7B300EEECAA /* Products */ = {
			isa = PBXGroup;
			children = (
				1FAB7556234BC7B300EEECAA /* day02.app */,
			);
			name = Products;
			sourceTree = "<group>";
		};
		1FAB7558234BC7B300EEECAA /* day02 */ = {
			isa = PBXGroup;
			children = (
				1FAB7559234BC7B300EEECAA /* AppDelegate.swift */,
				1FAB755B234BC7B300EEECAA /* ViewController.swift */,
				1FAB755D234BC7B300EEECAA /* Main.storyboard */,
				1FAB7563234BC7B400EEECAA /* Assets.xcassets */,
				1FAB7565234BC7B400EEECAA /* LaunchScreen.storyboard */,
				1FAB7568234BC7B400EEECAA /* Info.plist */,
				1FAB7560234BC7B300EEECAA /* day02.xcdatamodeld */,
			);
			path = day02;
			sourceTree = "<group>";
		};
/* End PBXGroup section */

/* Begin PBXNativeTarget section */
		1FAB7555234BC7B300EEECAA /* day02 */ = {
			isa = PBXNativeTarget;
			buildConfigurationList = 1FAB756B234BC7B400EEECAA /* Build configuration list for PBXNativeTarget "day02" */;
			buildPhases = (
				1FAB7552234BC7B300EEECAA /* Sources */,
				1FAB7553234BC7B300EEECAA /* Frameworks */,
				1FAB7554234BC7B300EEECAA /* Resources */,
			);
			buildRules = (
			);
			dependencies = (
			);
			name = day02;
			productName = day02;
			productReference = 1FAB7556234BC7B300EEECAA /* day02.app */;
			productType = "com.apple.product-type.application";
		};
/* End PBXNativeTarget section */

/* Begin PBXProject section */
		1FAB754E234BC7B300EEECAA /* Project object */ = {
			isa = PBXProject;
			attributes = {
				LastSwiftUpdateCheck = 1030;
				LastUpgradeCheck = 1030;
				ORGANIZATIONNAME = WeThinkCode;
				TargetAttributes = {
					1FAB7555234BC7B300EEECAA = {
						CreatedOnToolsVersion = 10.3;
					};
				};
			};
			buildConfigurationList = 1FAB7551234BC7B300EEECAA /* Build configuration list for PBXProject "day02" */;
			compatibilityVersion = "Xcode 9.3";
			developmentRegion = en;
			hasScannedForEncodings = 0;
			knownRegions = (
				en,
				Base,
			);
			mainGroup = 1FAB754D234BC7B300EEECAA;
			productRefGroup = 1FAB7557234BC7B300EEECAA /* Products */;
			projectDirPath = "";
			projectRoot = "";
			targets = (
				1FAB7555234BC7B300EEECAA /* day02 */,
			);
		};
/* End PBXProject section */

/* Begin PBXResourcesBuildPhase section */
		1FAB7554234BC7B300EEECAA /* Resources */ = {
			isa = PBXResourcesBuildPhase;
			buildActionMask = 2147483647;
			files = (
				1FAB7567234BC7B400EEECAA /* LaunchScreen.storyboard in Resources */,
				1FAB7564234BC7B400EEECAA /* Assets.xcassets in Resources */,
				1FAB755F234BC7B300EEECAA /* Main.storyboard in Resources */,
			);
			runOnlyForDeploymentPostprocessing = 0;
		};
/* End PBXResourcesBuildPhase section */

/* Begin PBXSourcesBuildPhase section */
		1FAB7552234BC7B300EEECAA /* Sources */ = {
			isa = PBXSourcesBuildPhase;
			buildActionMask = 2147483647;
			files = (
				1FAB755C234BC7B300EEECAA /* ViewController.swift in Sources */,
				1FAB7562234BC7B300EEECAA /* day02.xcdatamodeld in Sources */,
				1FAB755A234BC7B300EEECAA /* AppDelegate.swift in Sources */,
			);
			runOnlyForDeploymentPostprocessing = 0;
		};
/* End PBXSourcesBuildPhase section */

/* Begin PBXVariantGroup section */
		1FAB755D234BC7B300EEECAA /* Main.storyboard */ = {
			isa = PBXVariantGroup;
			children = (
				1FAB755E234BC7B300EEECAA /* Base */,
			);
			name = Main.storyboard;
			sourceTree = "<group>";
		};
		1FAB7565234BC7B400EEECAA /* LaunchScreen.storyboard */ = {
			isa = PBXVariantGroup;
			children = (
				1FAB7566234BC7B400EEECAA /* Base */,
			);
			name = LaunchScreen.storyboard;
			sourceTree = "<group>";
		};
/* End PBXVariantGroup section */

/* Begin XCBuildConfiguration section */
		1FAB7569234BC7B400EEECAA /* Debug */ = {
			isa = XCBuildConfiguration;
			buildSettings = {
				ALWAYS_SEARCH_USER_PATHS = NO;
				CLANG_ANALYZER_NONNULL = YES;
				CLANG_ANALYZER_NUMBER_OBJECT_CONVERSION = YES_AGGRESSIVE;
				CLANG_CXX_LANGUAGE_STANDARD = "gnu++14";
				CLANG_CXX_LIBRARY = "libc++";
				CLANG_ENABLE_MODULES = YES;
				CLANG_ENABLE_OBJC_ARC = YES;
				CLANG_ENABLE_OBJC_WEAK = YES;
				CLANG_WARN_BLOCK_CAPTURE_AUTORELEASING = YES;
				CLANG_WARN_BOOL_CONVERSION = YES;
				CLANG_WARN_COMMA = YES;
				CLANG_WARN_CONSTANT_CONVERSION = YES;
				CLANG_WARN_DEPRECATED_OBJC_IMPLEMENTATIONS = YES;
				CLANG_WARN_DIRECT_OBJC_ISA_USAGE = YES_ERROR;
				CLANG_WARN_DOCUMENTATION_COMMENTS = YES;
				CLANG_WARN_EMPTY_BODY = YES;
				CLANG_WARN_ENUM_CONVERSION = YES;
				CLANG_WARN_INFINITE_RECURSION = YES;
				CLANG_WARN_INT_CONVERSION = YES;
				CLANG_WARN_NON_LITERAL_NULL_CONVERSION = YES;
				CLANG_WARN_OBJC_IMPLICIT_RETAIN_SELF = YES;
				CLANG_WARN_OBJC_LITERAL_CONVERSION = YES;
				CLANG_WARN_OBJC_ROOT_CLASS = YES_ERROR;
				CLANG_WARN_RANGE_LOOP_ANALYSIS = YES;
				CLANG_WARN_STRICT_PROTOTYPES = YES;
				CLANG_WARN_SUSPICIOUS_MOVE = YES;
				CLANG_WARN_UNGUARDED_AVAILABILITY = YES_AGGRESSIVE;
				CLANG_WARN_UNREACHABLE_CODE = YES;
				CLANG_WARN__DUPLICATE_METHOD_MATCH = YES;
				CODE_SIGN_IDENTITY = "iPhone Developer";
				COPY_PHASE_STRIP = NO;
				DEBUG_INFORMATION_FORMAT = dwarf;
				ENABLE_STRICT_OBJC_MSGSEND = YES;
				ENABLE_TESTABILITY = YES;
				GCC_C_LANGUAGE_STANDARD = gnu11;
				GCC_DYNAMIC_NO_PIC = NO;
				GCC_NO_COMMON_BLOCKS = YES;
				GCC_OPTIMIZATION_LEVEL = 0;
				GCC_PREPROCESSOR_DEFINITIONS = (
					"DEBUG=1",
					"$(inherited)",
				);
				GCC_WARN_64_TO_32_BIT_CONVERSION = YES;
				GCC_WARN_ABOUT_RETURN_TYPE = YES_ERROR;
				GCC_WARN_UNDECLARED_SELECTOR = YES;
				GCC_WARN_UNINITIALIZED_AUTOS = YES_AGGRESSIVE;
				GCC_WARN_UNUSED_FUNCTION = YES;
				GCC_WARN_UNUSED_VARIABLE = YES;
				IPHONEOS_DEPLOYMENT_TARGET = 12.4;
				MTL_ENABLE_DEBUG_INFO = INCLUDE_SOURCE;
				MTL_FAST_MATH = YES;
				ONLY_ACTIVE_ARCH = YES;
				SDKROOT = iphoneos;
				SWIFT_ACTIVE_COMPILATION_CONDITIONS = DEBUG;
				SWIFT_OPTIMIZATION_LEVEL = "-Onone";
			};
			name = Debug;
		};
		1FAB756A234BC7B400EEECAA /* Release */ = {
			isa = XCBuildConfiguration;
			buildSettings = {
				ALWAYS_SEARCH_USER_PATHS = NO;
				CLANG_ANALYZER_NONNULL = YES;
				CLANG_ANALYZER_NUMBER_OBJECT_CONVERSION = YES_AGGRESSIVE;
				CLANG_CXX_LANGUAGE_STANDARD = "gnu++14";
				CLANG_CXX_LIBRARY = "libc++";
				CLANG_ENABLE_MODULES = YES;
				CLANG_ENABLE_OBJC_ARC = YES;
				CLANG_ENABLE_OBJC_WEAK = YES;
				CLANG_WARN_BLOCK_CAPTURE_AUTORELEASING = YES;
				CLANG_WARN_BOOL_CONVERSION = YES;
				CLANG_WARN_COMMA = YES;
				CLANG_WARN_CONSTANT_CONVERSION = YES;
				CLANG_WARN_DEPRECATED_OBJC_IMPLEMENTATIONS = YES;
				CLANG_WARN_DIRECT_OBJC_ISA_USAGE = YES_ERROR;
				CLANG_WARN_DOCUMENTATION_COMMENTS = YES;
				CLANG_WARN_EMPTY_BODY = YES;
				CLANG_WARN_ENUM_CONVERSION = YES;
				CLANG_WARN_INFINITE_RECURSION = YES;
				CLANG_WARN_INT_CONVERSION = YES;
				CLANG_WARN_NON_LITERAL_NULL_CONVERSION = YES;
				CLANG_WARN_OBJC_IMPLICIT_RETAIN_SELF = YES;
				CLANG_WARN_OBJC_LITERAL_CONVERSION = YES;
				CLANG_WARN_OBJC_ROOT_CLASS = YES_ERROR;
				CLANG_WARN_RANGE_LOOP_ANALYSIS = YES;
				CLANG_WARN_STRICT_PROTOTYPES = YES;
				CLANG_WARN_SUSPICIOUS_MOVE = YES;
				CLANG_WARN_UNGUARDED_AVAILABILITY = YES_AGGRESSIVE;
				CLANG_WARN_UNREACHABLE_CODE = YES;
				CLANG_WARN__DUPLICATE_METHOD_MATCH = YES;
				CODE_SIGN_IDENTITY = "iPhone Developer";
				COPY_PHASE_STRIP = NO;
				DEBUG_INFORMATION_FORMAT = "dwarf-with-dsym";
				ENABLE_NS_ASSERTIONS = NO;
				ENABLE_STRICT_OBJC_MSGSEND = YES;
				GCC_C_LANGUAGE_STANDARD = gnu11;
				GCC_NO_COMMON_BLOCKS = YES;
				GCC_WARN_64_TO_32_BIT_CONVERSION = YES;
				GCC_WARN_ABOUT_RETURN_TYPE = YES_ERROR;
				GCC_WARN_UNDECLARED_SELECTOR = YES;
				GCC_WARN_UNINITIALIZED_AUTOS = YES_AGGRESSIVE;
				GCC_WARN_UNUSED_FUNCTION = YES;
				GCC_WARN_UNUSED_VARIABLE = YES;
				IPHONEOS_DEPLOYMENT_TARGET = 12.4;
				MTL_ENABLE_DEBUG_INFO = NO;
				MTL_FAST_MATH = YES;
				SDKROOT = iphoneos;
				SWIFT_COMPILATION_MODE = wholemodule;
				SWIFT_OPTIMIZATION_LEVEL = "-O";
				VALIDATE_PRODUCT = YES;
			};
			name = Release;
		};
		1FAB756C234BC7B400EEECAA /* Debug */ = {
			isa = XCBuildConfiguration;
			buildSettings = {
				ASSETCATALOG_COMPILER_APPICON_NAME = AppIcon;
				CODE_SIGN_STYLE = Automatic;
				DEVELOPMENT_TEAM = 2DJ677UW75;
				INFOPLIST_FILE = day02/Info.plist;
				LD_RUNPATH_SEARCH_PATHS = (
					"$(inherited)",
					"@executable_path/Frameworks",
				);
				PRODUCT_BUNDLE_IDENTIFIER = za.co.wethinkcode.student.ksiziva.day02;
				PRODUCT_NAME = "$(TARGET_NAME)";
				SWIFT_VERSION = 5.0;
				TARGETED_DEVICE_FAMILY = "1,2";
			};
			name = Debug;
		};
		1FAB756D234BC7B400EEECAA /* Release */ = {
			isa = XCBuildConfiguration;
			buildSettings = {
				ASSETCATALOG_COMPILER_APPICON_NAME = AppIcon;
				CODE_SIGN_STYLE = Automatic;
				DEVELOPMENT_TEAM = 2DJ677UW75;
				INFOPLIST_FILE = day02/Info.plist;
				LD_RUNPATH_SEARCH_PATHS = (
					"$(inherited)",
					"@executable_path/Frameworks",
				);
				PRODUCT_BUNDLE_IDENTIFIER = za.co.wethinkcode.student.ksiziva.day02;
				PRODUCT_NAME = "$(TARGET_NAME)";
				SWIFT_VERSION = 5.0;
				TARGETED_DEVICE_FAMILY = "1,2";
			};
			name = Release;
		};
/* End XCBuildConfiguration section */

/* Begin XCConfigurationList section */
		1FAB7551234BC7B300EEECAA /* Build configuration list for PBXProject "day02" */ = {
			isa = XCConfigurationList;
			buildConfigurations = (
				1FAB7569234BC7B400EEECAA /* Debug */,
				1FAB756A234BC7B400EEECAA /* Release */,
			);
			defaultConfigurationIsVisible = 0;
			defaultConfigurationName = Release;
		};
		1FAB756B234BC7B400EEECAA /* Build configuration list for PBXNativeTarget "day02" */ = {
			isa = XCConfigurationList;
			buildConfigurations = (
				1FAB756C234BC7B400EEECAA /* Debug */,
				1FAB756D234BC7B400EEECAA /* Release */,
			);
			defaultConfigurationIsVisible = 0;
			defaultConfigurationName = Release;
		};
/* End XCConfigurationList section */

/* Begin XCVersionGroup section */
		1FAB7560234BC7B300EEECAA /* day02.xcdatamodeld */ = {
			isa = XCVersionGroup;
			children = (
				1FAB7561234BC7B300EEECAA /* day02.xcdatamodel */,
			);
			currentVersion = 1FAB7561234BC7B300EEECAA /* day02.xcdatamodel */;
			path = day02.xcdatamodeld;
			sourceTree = "<group>";
			versionGroupType = wrapper.xcdatamodel;
		};
/* End XCVersionGroup section */
	};
	rootObject = 1FAB754E234BC7B300EEECAA /* Project object */;
}
