// !$*UTF8*$!
{
	archiveVersion = 1;
	classes = {
	};
	objectVersion = 50;
	objects = {

/* Begin PBXBuildFile section */
		1FC996AB2352076E00975C67 /* AppDelegate.swift in Sources */ = {isa = PBXBuildFile; fileRef = 1FC996AA2352076E00975C67 /* AppDelegate.swift */; };
		1FC996AD2352076E00975C67 /* ViewController.swift in Sources */ = {isa = PBXBuildFile; fileRef = 1FC996AC2352076E00975C67 /* ViewController.swift */; };
		1FC996B02352076E00975C67 /* Main.storyboard in Resources */ = {isa = PBXBuildFile; fileRef = 1FC996AE2352076E00975C67 /* Main.storyboard */; };
		1FC996B32352076E00975C67 /* pictures.xcdatamodeld in Sources */ = {isa = PBXBuildFile; fileRef = 1FC996B12352076E00975C67 /* pictures.xcdatamodeld */; };
		1FC996B52352076E00975C67 /* Assets.xcassets in Resources */ = {isa = PBXBuildFile; fileRef = 1FC996B42352076E00975C67 /* Assets.xcassets */; };
		1FC996B82352076E00975C67 /* LaunchScreen.storyboard in Resources */ = {isa = PBXBuildFile; fileRef = 1FC996B62352076E00975C67 /* LaunchScreen.storyboard */; };
		1FC996C12352084100975C67 /* ItemCollectionViewCell.swift in Sources */ = {isa = PBXBuildFile; fileRef = 1FC996BF2352084100975C67 /* ItemCollectionViewCell.swift */; };
		1FC996C22352084100975C67 /* ItemCollectionViewCell.xib in Resources */ = {isa = PBXBuildFile; fileRef = 1FC996C02352084100975C67 /* ItemCollectionViewCell.xib */; };
/* End PBXBuildFile section */

/* Begin PBXFileReference section */
		1FC996A72352076E00975C67 /* pictures.app */ = {isa = PBXFileReference; explicitFileType = wrapper.application; includeInIndex = 0; path = pictures.app; sourceTree = BUILT_PRODUCTS_DIR; };
		1FC996AA2352076E00975C67 /* AppDelegate.swift */ = {isa = PBXFileReference; lastKnownFileType = sourcecode.swift; path = AppDelegate.swift; sourceTree = "<group>"; };
		1FC996AC2352076E00975C67 /* ViewController.swift */ = {isa = PBXFileReference; lastKnownFileType = sourcecode.swift; path = ViewController.swift; sourceTree = "<group>"; };
		1FC996AF2352076E00975C67 /* Base */ = {isa = PBXFileReference; lastKnownFileType = file.storyboard; name = Base; path = Base.lproj/Main.storyboard; sourceTree = "<group>"; };
		1FC996B22352076E00975C67 /* pictures.xcdatamodel */ = {isa = PBXFileReference; lastKnownFileType = wrapper.xcdatamodel; path = pictures.xcdatamodel; sourceTree = "<group>"; };
		1FC996B42352076E00975C67 /* Assets.xcassets */ = {isa = PBXFileReference; lastKnownFileType = folder.assetcatalog; path = Assets.xcassets; sourceTree = "<group>"; };
		1FC996B72352076E00975C67 /* Base */ = {isa = PBXFileReference; lastKnownFileType = file.storyboard; name = Base; path = Base.lproj/LaunchScreen.storyboard; sourceTree = "<group>"; };
		1FC996B92352076E00975C67 /* Info.plist */ = {isa = PBXFileReference; lastKnownFileType = text.plist.xml; path = Info.plist; sourceTree = "<group>"; };
		1FC996BF2352084100975C67 /* ItemCollectionViewCell.swift */ = {isa = PBXFileReference; lastKnownFileType = sourcecode.swift; path = ItemCollectionViewCell.swift; sourceTree = "<group>"; };
		1FC996C02352084100975C67 /* ItemCollectionViewCell.xib */ = {isa = PBXFileReference; lastKnownFileType = file.xib; path = ItemCollectionViewCell.xib; sourceTree = "<group>"; };
/* End PBXFileReference section */

/* Begin PBXFrameworksBuildPhase section */
		1FC996A42352076E00975C67 /* Frameworks */ = {
			isa = PBXFrameworksBuildPhase;
			buildActionMask = 2147483647;
			files = (
			);
			runOnlyForDeploymentPostprocessing = 0;
		};
/* End PBXFrameworksBuildPhase section */

/* Begin PBXGroup section */
		1FC9969E2352076E00975C67 = {
			isa = PBXGroup;
			children = (
				1FC996A92352076E00975C67 /* pictures */,
				1FC996A82352076E00975C67 /* Products */,
			);
			sourceTree = "<group>";
		};
		1FC996A82352076E00975C67 /* Products */ = {
			isa = PBXGroup;
			children = (
				1FC996A72352076E00975C67 /* pictures.app */,
			);
			name = Products;
			sourceTree = "<group>";
		};
		1FC996A92352076E00975C67 /* pictures */ = {
			isa = PBXGroup;
			children = (
				1FC996AA2352076E00975C67 /* AppDelegate.swift */,
				1FC996AC2352076E00975C67 /* ViewController.swift */,
				1FC996AE2352076E00975C67 /* Main.storyboard */,
				1FC996BF2352084100975C67 /* ItemCollectionViewCell.swift */,
				1FC996C02352084100975C67 /* ItemCollectionViewCell.xib */,
				1FC996B42352076E00975C67 /* Assets.xcassets */,
				1FC996B62352076E00975C67 /* LaunchScreen.storyboard */,
				1FC996B92352076E00975C67 /* Info.plist */,
				1FC996B12352076E00975C67 /* pictures.xcdatamodeld */,
			);
			path = pictures;
			sourceTree = "<group>";
		};
/* End PBXGroup section */

/* Begin PBXNativeTarget section */
		1FC996A62352076E00975C67 /* pictures */ = {
			isa = PBXNativeTarget;
			buildConfigurationList = 1FC996BC2352076E00975C67 /* Build configuration list for PBXNativeTarget "pictures" */;
			buildPhases = (
				1FC996A32352076E00975C67 /* Sources */,
				1FC996A42352076E00975C67 /* Frameworks */,
				1FC996A52352076E00975C67 /* Resources */,
			);
			buildRules = (
			);
			dependencies = (
			);
			name = pictures;
			productName = pictures;
			productReference = 1FC996A72352076E00975C67 /* pictures.app */;
			productType = "com.apple.product-type.application";
		};
/* End PBXNativeTarget section */

/* Begin PBXProject section */
		1FC9969F2352076E00975C67 /* Project object */ = {
			isa = PBXProject;
			attributes = {
				LastSwiftUpdateCheck = 1030;
				LastUpgradeCheck = 1030;
				ORGANIZATIONNAME = WeThinkCode;
				TargetAttributes = {
					1FC996A62352076E00975C67 = {
						CreatedOnToolsVersion = 10.3;
					};
				};
			};
			buildConfigurationList = 1FC996A22352076E00975C67 /* Build configuration list for PBXProject "pictures" */;
			compatibilityVersion = "Xcode 9.3";
			developmentRegion = en;
			hasScannedForEncodings = 0;
			knownRegions = (
				en,
				Base,
			);
			mainGroup = 1FC9969E2352076E00975C67;
			productRefGroup = 1FC996A82352076E00975C67 /* Products */;
			projectDirPath = "";
			projectRoot = "";
			targets = (
				1FC996A62352076E00975C67 /* pictures */,
			);
		};
/* End PBXProject section */

/* Begin PBXResourcesBuildPhase section */
		1FC996A52352076E00975C67 /* Resources */ = {
			isa = PBXResourcesBuildPhase;
			buildActionMask = 2147483647;
			files = (
				1FC996B82352076E00975C67 /* LaunchScreen.storyboard in Resources */,
				1FC996C22352084100975C67 /* ItemCollectionViewCell.xib in Resources */,
				1FC996B52352076E00975C67 /* Assets.xcassets in Resources */,
				1FC996B02352076E00975C67 /* Main.storyboard in Resources */,
			);
			runOnlyForDeploymentPostprocessing = 0;
		};
/* End PBXResourcesBuildPhase section */

/* Begin PBXSourcesBuildPhase section */
		1FC996A32352076E00975C67 /* Sources */ = {
			isa = PBXSourcesBuildPhase;
			buildActionMask = 2147483647;
			files = (
				1FC996B32352076E00975C67 /* pictures.xcdatamodeld in Sources */,
				1FC996C12352084100975C67 /* ItemCollectionViewCell.swift in Sources */,
				1FC996AD2352076E00975C67 /* ViewController.swift in Sources */,
				1FC996AB2352076E00975C67 /* AppDelegate.swift in Sources */,
			);
			runOnlyForDeploymentPostprocessing = 0;
		};
/* End PBXSourcesBuildPhase section */

/* Begin PBXVariantGroup section */
		1FC996AE2352076E00975C67 /* Main.storyboard */ = {
			isa = PBXVariantGroup;
			children = (
				1FC996AF2352076E00975C67 /* Base */,
			);
			name = Main.storyboard;
			sourceTree = "<group>";
		};
		1FC996B62352076E00975C67 /* LaunchScreen.storyboard */ = {
			isa = PBXVariantGroup;
			children = (
				1FC996B72352076E00975C67 /* Base */,
			);
			name = LaunchScreen.storyboard;
			sourceTree = "<group>";
		};
/* End PBXVariantGroup section */

/* Begin XCBuildConfiguration section */
		1FC996BA2352076E00975C67 /* Debug */ = {
			isa = XCBuildConfiguration;
			buildSettings = {
				ALWAYS_SEARCH_USER_PATHS = NO;
				CLANG_ANALYZER_NONNULL = YES;
				CLANG_ANALYZER_NUMBER_OBJECT_CONVERSION = YES_AGGRESSIVE;
				CLANG_CXX_LANGUAGE_STANDARD = "gnu++14";
				CLANG_CXX_LIBRARY = "libc++";
				CLANG_ENABLE_MODULES = YES;
				CLANG_ENABLE_OBJC_ARC = YES;
				CLANG_ENABLE_OBJC_WEAK = YES;
				CLANG_WARN_BLOCK_CAPTURE_AUTORELEASING = YES;
				CLANG_WARN_BOOL_CONVERSION = YES;
				CLANG_WARN_COMMA = YES;
				CLANG_WARN_CONSTANT_CONVERSION = YES;
				CLANG_WARN_DEPRECATED_OBJC_IMPLEMENTATIONS = YES;
				CLANG_WARN_DIRECT_OBJC_ISA_USAGE = YES_ERROR;
				CLANG_WARN_DOCUMENTATION_COMMENTS = YES;
				CLANG_WARN_EMPTY_BODY = YES;
				CLANG_WARN_ENUM_CONVERSION = YES;
				CLANG_WARN_INFINITE_RECURSION = YES;
				CLANG_WARN_INT_CONVERSION = YES;
				CLANG_WARN_NON_LITERAL_NULL_CONVERSION = YES;
				CLANG_WARN_OBJC_IMPLICIT_RETAIN_SELF = YES;
				CLANG_WARN_OBJC_LITERAL_CONVERSION = YES;
				CLANG_WARN_OBJC_ROOT_CLASS = YES_ERROR;
				CLANG_WARN_RANGE_LOOP_ANALYSIS = YES;
				CLANG_WARN_STRICT_PROTOTYPES = YES;
				CLANG_WARN_SUSPICIOUS_MOVE = YES;
				CLANG_WARN_UNGUARDED_AVAILABILITY = YES_AGGRESSIVE;
				CLANG_WARN_UNREACHABLE_CODE = YES;
				CLANG_WARN__DUPLICATE_METHOD_MATCH = YES;
				CODE_SIGN_IDENTITY = "iPhone Developer";
				COPY_PHASE_STRIP = NO;
				DEBUG_INFORMATION_FORMAT = dwarf;
				ENABLE_STRICT_OBJC_MSGSEND = YES;
				ENABLE_TESTABILITY = YES;
				GCC_C_LANGUAGE_STANDARD = gnu11;
				GCC_DYNAMIC_NO_PIC = NO;
				GCC_NO_COMMON_BLOCKS = YES;
				GCC_OPTIMIZATION_LEVEL = 0;
				GCC_PREPROCESSOR_DEFINITIONS = (
					"DEBUG=1",
					"$(inherited)",
				);
				GCC_WARN_64_TO_32_BIT_CONVERSION = YES;
				GCC_WARN_ABOUT_RETURN_TYPE = YES_ERROR;
				GCC_WARN_UNDECLARED_SELECTOR = YES;
				GCC_WARN_UNINITIALIZED_AUTOS = YES_AGGRESSIVE;
				GCC_WARN_UNUSED_FUNCTION = YES;
				GCC_WARN_UNUSED_VARIABLE = YES;
				IPHONEOS_DEPLOYMENT_TARGET = 12.4;
				MTL_ENABLE_DEBUG_INFO = INCLUDE_SOURCE;
				MTL_FAST_MATH = YES;
				ONLY_ACTIVE_ARCH = YES;
				SDKROOT = iphoneos;
				SWIFT_ACTIVE_COMPILATION_CONDITIONS = DEBUG;
				SWIFT_OPTIMIZATION_LEVEL = "-Onone";
			};
			name = Debug;
		};
		1FC996BB2352076E00975C67 /* Release */ = {
			isa = XCBuildConfiguration;
			buildSettings = {
				ALWAYS_SEARCH_USER_PATHS = NO;
				CLANG_ANALYZER_NONNULL = YES;
				CLANG_ANALYZER_NUMBER_OBJECT_CONVERSION = YES_AGGRESSIVE;
				CLANG_CXX_LANGUAGE_STANDARD = "gnu++14";
				CLANG_CXX_LIBRARY = "libc++";
				CLANG_ENABLE_MODULES = YES;
				CLANG_ENABLE_OBJC_ARC = YES;
				CLANG_ENABLE_OBJC_WEAK = YES;
				CLANG_WARN_BLOCK_CAPTURE_AUTORELEASING = YES;
				CLANG_WARN_BOOL_CONVERSION = YES;
				CLANG_WARN_COMMA = YES;
				CLANG_WARN_CONSTANT_CONVERSION = YES;
				CLANG_WARN_DEPRECATED_OBJC_IMPLEMENTATIONS = YES;
				CLANG_WARN_DIRECT_OBJC_ISA_USAGE = YES_ERROR;
				CLANG_WARN_DOCUMENTATION_COMMENTS = YES;
				CLANG_WARN_EMPTY_BODY = YES;
				CLANG_WARN_ENUM_CONVERSION = YES;
				CLANG_WARN_INFINITE_RECURSION = YES;
				CLANG_WARN_INT_CONVERSION = YES;
				CLANG_WARN_NON_LITERAL_NULL_CONVERSION = YES;
				CLANG_WARN_OBJC_IMPLICIT_RETAIN_SELF = YES;
				CLANG_WARN_OBJC_LITERAL_CONVERSION = YES;
				CLANG_WARN_OBJC_ROOT_CLASS = YES_ERROR;
				CLANG_WARN_RANGE_LOOP_ANALYSIS = YES;
				CLANG_WARN_STRICT_PROTOTYPES = YES;
				CLANG_WARN_SUSPICIOUS_MOVE = YES;
				CLANG_WARN_UNGUARDED_AVAILABILITY = YES_AGGRESSIVE;
				CLANG_WARN_UNREACHABLE_CODE = YES;
				CLANG_WARN__DUPLICATE_METHOD_MATCH = YES;
				CODE_SIGN_IDENTITY = "iPhone Developer";
				COPY_PHASE_STRIP = NO;
				DEBUG_INFORMATION_FORMAT = "dwarf-with-dsym";
				ENABLE_NS_ASSERTIONS = NO;
				ENABLE_STRICT_OBJC_MSGSEND = YES;
				GCC_C_LANGUAGE_STANDARD = gnu11;
				GCC_NO_COMMON_BLOCKS = YES;
				GCC_WARN_64_TO_32_BIT_CONVERSION = YES;
				GCC_WARN_ABOUT_RETURN_TYPE = YES_ERROR;
				GCC_WARN_UNDECLARED_SELECTOR = YES;
				GCC_WARN_UNINITIALIZED_AUTOS = YES_AGGRESSIVE;
				GCC_WARN_UNUSED_FUNCTION = YES;
				GCC_WARN_UNUSED_VARIABLE = YES;
				IPHONEOS_DEPLOYMENT_TARGET = 12.4;
				MTL_ENABLE_DEBUG_INFO = NO;
				MTL_FAST_MATH = YES;
				SDKROOT = iphoneos;
				SWIFT_COMPILATION_MODE = wholemodule;
				SWIFT_OPTIMIZATION_LEVEL = "-O";
				VALIDATE_PRODUCT = YES;
			};
			name = Release;
		};
		1FC996BD2352076E00975C67 /* Debug */ = {
			isa = XCBuildConfiguration;
			buildSettings = {
				ASSETCATALOG_COMPILER_APPICON_NAME = AppIcon;
				CODE_SIGN_STYLE = Automatic;
				DEVELOPMENT_TEAM = 2DJ677UW75;
				INFOPLIST_FILE = pictures/Info.plist;
				LD_RUNPATH_SEARCH_PATHS = (
					"$(inherited)",
					"@executable_path/Frameworks",
				);
				PRODUCT_BUNDLE_IDENTIFIER = za.co.wethinkcode.student.ksiziva.pictures;
				PRODUCT_NAME = "$(TARGET_NAME)";
				SWIFT_VERSION = 5.0;
				TARGETED_DEVICE_FAMILY = "1,2";
			};
			name = Debug;
		};
		1FC996BE2352076E00975C67 /* Release */ = {
			isa = XCBuildConfiguration;
			buildSettings = {
				ASSETCATALOG_COMPILER_APPICON_NAME = AppIcon;
				CODE_SIGN_STYLE = Automatic;
				DEVELOPMENT_TEAM = 2DJ677UW75;
				INFOPLIST_FILE = pictures/Info.plist;
				LD_RUNPATH_SEARCH_PATHS = (
					"$(inherited)",
					"@executable_path/Frameworks",
				);
				PRODUCT_BUNDLE_IDENTIFIER = za.co.wethinkcode.student.ksiziva.pictures;
				PRODUCT_NAME = "$(TARGET_NAME)";
				SWIFT_VERSION = 5.0;
				TARGETED_DEVICE_FAMILY = "1,2";
			};
			name = Release;
		};
/* End XCBuildConfiguration section */

/* Begin XCConfigurationList section */
		1FC996A22352076E00975C67 /* Build configuration list for PBXProject "pictures" */ = {
			isa = XCConfigurationList;
			buildConfigurations = (
				1FC996BA2352076E00975C67 /* Debug */,
				1FC996BB2352076E00975C67 /* Release */,
			);
			defaultConfigurationIsVisible = 0;
			defaultConfigurationName = Release;
		};
		1FC996BC2352076E00975C67 /* Build configuration list for PBXNativeTarget "pictures" */ = {
			isa = XCConfigurationList;
			buildConfigurations = (
				1FC996BD2352076E00975C67 /* Debug */,
				1FC996BE2352076E00975C67 /* Release */,
			);
			defaultConfigurationIsVisible = 0;
			defaultConfigurationName = Release;
		};
/* End XCConfigurationList section */

/* Begin XCVersionGroup section */
		1FC996B12352076E00975C67 /* pictures.xcdatamodeld */ = {
			isa = XCVersionGroup;
			children = (
				1FC996B22352076E00975C67 /* pictures.xcdatamodel */,
			);
			currentVersion = 1FC996B22352076E00975C67 /* pictures.xcdatamodel */;
			path = pictures.xcdatamodeld;
			sourceTree = "<group>";
			versionGroupType = wrapper.xcdatamodel;
		};
/* End XCVersionGroup section */
	};
	rootObject = 1FC9969F2352076E00975C67 /* Project object */;
}
